<Solution>
  <Folder Name="/.nuget/">
    <File Path=".nuget/packages.config" />
  </Folder>
  <Project Path="SpreadSheetAsData/SpreadSheetAsData.csproj" />
  <Project Path="SpreadSheetAsData.CodeGeneration/SpreadSheetAsData.CodeGeneration.csproj" />
  <Project Path="SpreadSheetAsData.CodeGenerationのテスト/SpreadSheetAsData.CodeGenerationのテスト.csproj" />
  <Project Path="SpreadSheetAsDataのテスト/SpreadSheetAsDataのテスト.csproj" />
</Solution>
